
Microsoft Visual Studio Solution File, Format Version 12.00
# Visual Studio Version 17
VisualStudioVersion = 17.5.002.0
MinimumVisualStudioVersion = 10.0.40219.1
Project("{FAE04EC0-301F-11D3-BF4B-00C04F79EFBC}") = "HttpTriggerExample", "HttpTriggerExample\HttpTriggerExample.csproj", "{50ADB755-DF36-4CA9-864A-24299E1DFAA0}"
EndProject
Global
	GlobalSection(SolutionConfigurationPlatforms) = preSolution
		Debug|Any CPU = Debug|Any CPU
		Release|Any CPU = Release|Any CPU
	EndGlobalSection
	GlobalSection(ProjectConfigurationPlatforms) = postSolution
		{50ADB755-DF36-4CA9-864A-24299E1DFAA0}.Debug|Any CPU.ActiveCfg = Debug|Any CPU
		{50ADB755-DF36-4CA9-864A-24299E1DFAA0}.Debug|Any CPU.Build.0 = Debug|Any CPU
		{50ADB755-DF36-4CA9-864A-24299E1DFAA0}.Release|Any CPU.ActiveCfg = Release|Any CPU
		{50ADB755-DF36-4CA9-864A-24299E1DFAA0}.Release|Any CPU.Build.0 = Release|Any CPU
	EndGlobalSection
	GlobalSection(SolutionProperties) = preSolution
		HideSolutionNode = FALSE
	EndGlobalSection
	GlobalSection(ExtensibilityGlobals) = postSolution
		SolutionGuid = {90A5CCFA-BCCE-4565-B569-A64A347E1BAF}
	EndGlobalSection
EndGlobal
